Microsoft Visual Studio Solution File, Format Version 12.00
# Visual Studio Version 17
VisualStudioVersion = 17.5.2.0
MinimumVisualStudioVersion = 10.0.40219.1
Project("{FAE04EC0-301F-11D3-BF4B-00C04F79EFBC}") = "adventofcode", "adventofcode.csproj", "{4616A837-6BCA-1C95-0185-E14E851BF3AD}"
EndProject
Global
	GlobalSection(SolutionConfigurationPlatforms) = preSolution
		Debug|Any CPU = Debug|Any CPU
		Release|Any CPU = Release|Any CPU
	EndGlobalSection
	GlobalSection(ProjectConfigurationPlatforms) = postSolution
		{4616A837-6BCA-1C95-0185-E14E851BF3AD}.Debug|Any CPU.ActiveCfg = Debug|Any CPU
		{4616A837-6BCA-1C95-0185-E14E851BF3AD}.Debug|Any CPU.Build.0 = Debug|Any CPU
		{4616A837-6BCA-1C95-0185-E14E851BF3AD}.Release|Any CPU.ActiveCfg = Release|Any CPU
		{4616A837-6BCA-1C95-0185-E14E851BF3AD}.Release|Any CPU.Build.0 = Release|Any CPU
	EndGlobalSection
	GlobalSection(SolutionProperties) = preSolution
		HideSolutionNode = FALSE
	EndGlobalSection
	GlobalSection(ExtensibilityGlobals) = postSolution
		SolutionGuid = {67E83E8D-2EB2-412B-BDBC-9108814278A6}
	EndGlobalSection
EndGlobal
